
Microsoft Visual Studio Solution File, Format Version 12.00
# Visual Studio Version 17
VisualStudioVersion = 17.9.34616.47
MinimumVisualStudioVersion = 10.0.40219.1
Project("{FAE04EC0-301F-11D3-BF4B-00C04F79EFBC}") = "Pr2.2", "Pr2.2\Pr2.2.csproj", "{F50E6F05-14EB-488B-9DC6-8654C9D51E50}"
EndProject
Global
	GlobalSection(SolutionConfigurationPlatforms) = preSolution
		Debug|Any CPU = Debug|Any CPU
		Release|Any CPU = Release|Any CPU
	EndGlobalSection
	GlobalSection(ProjectConfigurationPlatforms) = postSolution
		{F50E6F05-14EB-488B-9DC6-8654C9D51E50}.Debug|Any CPU.ActiveCfg = Debug|Any CPU
		{F50E6F05-14EB-488B-9DC6-8654C9D51E50}.Debug|Any CPU.Build.0 = Debug|Any CPU
		{F50E6F05-14EB-488B-9DC6-8654C9D51E50}.Release|Any CPU.ActiveCfg = Release|Any CPU
		{F50E6F05-14EB-488B-9DC6-8654C9D51E50}.Release|Any CPU.Build.0 = Release|Any CPU
	EndGlobalSection
	GlobalSection(SolutionProperties) = preSolution
		HideSolutionNode = FALSE
	EndGlobalSection
	GlobalSection(ExtensibilityGlobals) = postSolution
		SolutionGuid = {7DAC47DA-7DD3-478B-9938-C966CC7BC79F}
	EndGlobalSection
EndGlobal
